
Microsoft Visual Studio Solution File, Format Version 12.00
# Visual Studio 15
VisualStudioVersion = 15.0.26730.12
MinimumVisualStudioVersion = 10.0.40219.1
Project("{FAE04EC0-301F-11D3-BF4B-00C04F79EFBC}") = "EmailAdrBook", "EmailAdrBook\EmailAdrBook.csproj", "{8F76140A-339C-4DB5-BA1E-00EAC8C69032}"
EndProject
Global
	GlobalSection(SolutionConfigurationPlatforms) = preSolution
		Debug|Any CPU = Debug|Any CPU
		Release|Any CPU = Release|Any CPU
	EndGlobalSection
	GlobalSection(ProjectConfigurationPlatforms) = postSolution
		{8F76140A-339C-4DB5-BA1E-00EAC8C69032}.Debug|Any CPU.ActiveCfg = Debug|Any CPU
		{8F76140A-339C-4DB5-BA1E-00EAC8C69032}.Debug|Any CPU.Build.0 = Debug|Any CPU
		{8F76140A-339C-4DB5-BA1E-00EAC8C69032}.Release|Any CPU.ActiveCfg = Release|Any CPU
		{8F76140A-339C-4DB5-BA1E-00EAC8C69032}.Release|Any CPU.Build.0 = Release|Any CPU
	EndGlobalSection
	GlobalSection(SolutionProperties) = preSolution
		HideSolutionNode = FALSE
	EndGlobalSection
	GlobalSection(ExtensibilityGlobals) = postSolution
		SolutionGuid = {F71651B4-1A66-401E-A181-FCBDA69D597E}
	EndGlobalSection
EndGlobal
