
Microsoft Visual Studio Solution File, Format Version 12.00
# Visual Studio 15
VisualStudioVersion = 15.0.26730.12
MinimumVisualStudioVersion = 10.0.40219.1
Project("{FAE04EC0-301F-11D3-BF4B-00C04F79EFBC}") = "CoinsToDollar", "CoinsToDollar\CoinsToDollar.csproj", "{2DFEF91C-76BD-4C6C-A9CA-63A92223C3DC}"
EndProject
Global
	GlobalSection(SolutionConfigurationPlatforms) = preSolution
		Debug|Any CPU = Debug|Any CPU
		Release|Any CPU = Release|Any CPU
	EndGlobalSection
	GlobalSection(ProjectConfigurationPlatforms) = postSolution
		{2DFEF91C-76BD-4C6C-A9CA-63A92223C3DC}.Debug|Any CPU.ActiveCfg = Debug|Any CPU
		{2DFEF91C-76BD-4C6C-A9CA-63A92223C3DC}.Debug|Any CPU.Build.0 = Debug|Any CPU
		{2DFEF91C-76BD-4C6C-A9CA-63A92223C3DC}.Release|Any CPU.ActiveCfg = Release|Any CPU
		{2DFEF91C-76BD-4C6C-A9CA-63A92223C3DC}.Release|Any CPU.Build.0 = Release|Any CPU
	EndGlobalSection
	GlobalSection(SolutionProperties) = preSolution
		HideSolutionNode = FALSE
	EndGlobalSection
	GlobalSection(ExtensibilityGlobals) = postSolution
		SolutionGuid = {1AD5F3BF-416D-4354-A7DF-36CFD1754E19}
	EndGlobalSection
EndGlobal
