
Microsoft Visual Studio Solution File, Format Version 12.00
# Visual Studio 15
VisualStudioVersion = 15.0.26730.12
MinimumVisualStudioVersion = 10.0.40219.1
Project("{FAE04EC0-301F-11D3-BF4B-00C04F79EFBC}") = "EmployeeSearch", "EmployeeSearch\EmployeeSearch.csproj", "{22022254-11D6-4507-A77E-EC7F17552C30}"
EndProject
Global
	GlobalSection(SolutionConfigurationPlatforms) = preSolution
		Debug|Any CPU = Debug|Any CPU
		Release|Any CPU = Release|Any CPU
	EndGlobalSection
	GlobalSection(ProjectConfigurationPlatforms) = postSolution
		{22022254-11D6-4507-A77E-EC7F17552C30}.Debug|Any CPU.ActiveCfg = Debug|Any CPU
		{22022254-11D6-4507-A77E-EC7F17552C30}.Debug|Any CPU.Build.0 = Debug|Any CPU
		{22022254-11D6-4507-A77E-EC7F17552C30}.Release|Any CPU.ActiveCfg = Release|Any CPU
		{22022254-11D6-4507-A77E-EC7F17552C30}.Release|Any CPU.Build.0 = Release|Any CPU
	EndGlobalSection
	GlobalSection(SolutionProperties) = preSolution
		HideSolutionNode = FALSE
	EndGlobalSection
	GlobalSection(ExtensibilityGlobals) = postSolution
		SolutionGuid = {E7AB21EC-473B-48D1-B316-F972C7E21E1E}
	EndGlobalSection
EndGlobal
