
Microsoft Visual Studio Solution File, Format Version 12.00
# Visual Studio 15
VisualStudioVersion = 15.0.26730.12
MinimumVisualStudioVersion = 10.0.40219.1
Project("{FAE04EC0-301F-11D3-BF4B-00C04F79EFBC}") = "DiceSimulator", "DiceSimulator\DiceSimulator.csproj", "{2CD20AEC-7C09-4605-B9E1-77A570FF63F7}"
EndProject
Global
	GlobalSection(SolutionConfigurationPlatforms) = preSolution
		Debug|Any CPU = Debug|Any CPU
		Release|Any CPU = Release|Any CPU
	EndGlobalSection
	GlobalSection(ProjectConfigurationPlatforms) = postSolution
		{2CD20AEC-7C09-4605-B9E1-77A570FF63F7}.Debug|Any CPU.ActiveCfg = Debug|Any CPU
		{2CD20AEC-7C09-4605-B9E1-77A570FF63F7}.Debug|Any CPU.Build.0 = Debug|Any CPU
		{2CD20AEC-7C09-4605-B9E1-77A570FF63F7}.Release|Any CPU.ActiveCfg = Release|Any CPU
		{2CD20AEC-7C09-4605-B9E1-77A570FF63F7}.Release|Any CPU.Build.0 = Release|Any CPU
	EndGlobalSection
	GlobalSection(SolutionProperties) = preSolution
		HideSolutionNode = FALSE
	EndGlobalSection
	GlobalSection(ExtensibilityGlobals) = postSolution
		SolutionGuid = {DED53469-85A2-452C-93BD-7FA44AB1F377}
	EndGlobalSection
EndGlobal
